
Microsoft Visual Studio Solution File, Format Version 12.00
# Visual Studio 15
VisualStudioVersion = 15.0.28010.0
MinimumVisualStudioVersion = 10.0.40219.1
Project("{2150E333-8FDC-42A3-9474-1A3956D46DE8}") = "src", "src", "{0E11CE2D-3356-4F77-9362-B22B08333A56}"
EndProject
Project("{2150E333-8FDC-42A3-9474-1A3956D46DE8}") = "CurriculumCenter", "CurriculumCenter", "{0F3FED02-4AA6-4C25-8D77-50964A2BC082}"
EndProject
Project("{2150E333-8FDC-42A3-9474-1A3956D46DE8}") = "UserCenter", "UserCenter", "{0C443ECF-80FF-41F9-BC10-6E4213612962}"
EndProject
Project("{2150E333-8FDC-42A3-9474-1A3956D46DE8}") = "Payment", "Payment", "{B59DB0C6-D884-4541-B92B-C652A5A2596D}"
EndProject
Project("{2150E333-8FDC-42A3-9474-1A3956D46DE8}") = "OrderCenter", "OrderCenter", "{F3FE626E-31BB-4B6F-8AD5-CE170DA38115}"
EndProject
Project("{9A19103F-16F7-4668-BE54-9A1E7A4F7556}") = "Curriculum.Domain", "src\CurriculumCenter\Curriculum.Domain\Curriculum.Domain.csproj", "{5957C6A0-3AC4-4C16-8B1B-6D7527644826}"
EndProject
Project("{9A19103F-16F7-4668-BE54-9A1E7A4F7556}") = "Curriculum.Infrastruction", "src\CurriculumCenter\Curriculum.Infrastruction\Curriculum.Infrastruction.csproj", "{CF2615B9-D11F-4A42-BDC9-E0B88B39CA93}"
EndProject
Project("{9A19103F-16F7-4668-BE54-9A1E7A4F7556}") = "Curriculum.Application", "src\CurriculumCenter\Curriculum.Application\Curriculum.Application.csproj", "{81AA0D2F-427D-4755-B86F-5AC097F2E47A}"
EndProject
Project("{9A19103F-16F7-4668-BE54-9A1E7A4F7556}") = "Curriculum.API", "src\CurriculumCenter\Curriculum.API\Curriculum.API.csproj", "{AB4DF109-22C7-4D5E-A2B9-AB2DCC7FC435}"
EndProject
Project("{2150E333-8FDC-42A3-9474-1A3956D46DE8}") = "Common", "Common", "{2E88C568-CC1E-472F-99FD-6ED351BA4F67}"
EndProject
Project("{9A19103F-16F7-4668-BE54-9A1E7A4F7556}") = "DDD.Framework", "Common\DDD.Framework\DDD.Framework.csproj", "{251C02F2-598F-4AE9-9637-E26B2A18895B}"
EndProject
Project("{9A19103F-16F7-4668-BE54-9A1E7A4F7556}") = "UserCenter.API", "src\UserCenter\UserCenter.API\UserCenter.API.csproj", "{8CC89E15-E29F-450A-AD94-B6B0162E606C}"
EndProject
Project("{9A19103F-16F7-4668-BE54-9A1E7A4F7556}") = "BaseCommon", "Common\BaseCommon\BaseCommon.csproj", "{C3B43412-67B8-459B-AD6A-7DF87F9A22A9}"
EndProject
Project("{2150E333-8FDC-42A3-9474-1A3956D46DE8}") = "IdentityServer", "IdentityServer", "{41A0675D-5F17-480F-8391-537D5E7041F0}"
EndProject
Project("{9A19103F-16F7-4668-BE54-9A1E7A4F7556}") = "IdentityServer.API", "src\IdentityServer\IdentityServer.API\IdentityServer.API.csproj", "{F5B1C4DF-6FAA-4662-82F5-D1BF7B763D64}"
EndProject
Project("{2150E333-8FDC-42A3-9474-1A3956D46DE8}") = "HttpRemoteClient", "HttpRemoteClient", "{C94AF495-0296-413E-808A-7BD27BDF4B27}"
EndProject
Project("{9A19103F-16F7-4668-BE54-9A1E7A4F7556}") = "HttpClient.Abstraction", "Common\HttpRemoteClient\HttpClient.Abstraction\HttpClient.Abstraction.csproj", "{CC810923-B5D4-4731-B79E-FF63E9E803DC}"
EndProject
Project("{9A19103F-16F7-4668-BE54-9A1E7A4F7556}") = "ResilienceHttpClient", "Common\HttpRemoteClient\ResilienceHttpClient\ResilienceHttpClient.csproj", "{D96F3518-4539-4EFE-833D-9EEAE7A58B5D}"
EndProject
Project("{9A19103F-16F7-4668-BE54-9A1E7A4F7556}") = "OrderCenter.Domain", "src\OrderCenter\OrderCenter.Domain\OrderCenter.Domain.csproj", "{1051A424-857A-4DBA-BE10-5807276E30CF}"
EndProject
Project("{9A19103F-16F7-4668-BE54-9A1E7A4F7556}") = "OrderCenter.Infrastructure", "src\OrderCenter\OrderCenter.Infrastructure\OrderCenter.Infrastructure.csproj", "{D4DC0ECF-4121-4C65-A263-7EC8B6F518F6}"
EndProject
Project("{9A19103F-16F7-4668-BE54-9A1E7A4F7556}") = "OrderCenter.API", "src\OrderCenter\OrderCenter.API\OrderCenter.API.csproj", "{C84FEA61-E646-436A-B479-C30F81984AED}"
EndProject
Project("{9A19103F-16F7-4668-BE54-9A1E7A4F7556}") = "OrderCenter.Application", "src\OrderCenter\OrderCenter.Application\OrderCenter.Application.csproj", "{5A708B6A-684B-43AC-AD1A-9C81136C7A16}"
EndProject
Project("{9A19103F-16F7-4668-BE54-9A1E7A4F7556}") = "Payment.API", "src\Payment\Payment.API\Payment.API.csproj", "{478F9F5C-4E77-4DA2-8E57-3FF84A80244C}"
EndProject
Project("{2150E333-8FDC-42A3-9474-1A3956D46DE8}") = "Gateway", "Gateway", "{9824B731-A2AF-488E-8991-9431DA24139C}"
EndProject
Project("{9A19103F-16F7-4668-BE54-9A1E7A4F7556}") = "OcelotWebAPI", "OcelotWebAPI\OcelotWebAPI.csproj", "{FEEF83E3-03AD-4802-A76A-3CC7CED96CFE}"
EndProject
Global
	GlobalSection(SolutionConfigurationPlatforms) = preSolution
		Debug|Any CPU = Debug|Any CPU
		Release|Any CPU = Release|Any CPU
	EndGlobalSection
	GlobalSection(ProjectConfigurationPlatforms) = postSolution
		{5957C6A0-3AC4-4C16-8B1B-6D7527644826}.Debug|Any CPU.ActiveCfg = Debug|Any CPU
		{5957C6A0-3AC4-4C16-8B1B-6D7527644826}.Debug|Any CPU.Build.0 = Debug|Any CPU
		{5957C6A0-3AC4-4C16-8B1B-6D7527644826}.Release|Any CPU.ActiveCfg = Release|Any CPU
		{5957C6A0-3AC4-4C16-8B1B-6D7527644826}.Release|Any CPU.Build.0 = Release|Any CPU
		{CF2615B9-D11F-4A42-BDC9-E0B88B39CA93}.Debug|Any CPU.ActiveCfg = Debug|Any CPU
		{CF2615B9-D11F-4A42-BDC9-E0B88B39CA93}.Debug|Any CPU.Build.0 = Debug|Any CPU
		{CF2615B9-D11F-4A42-BDC9-E0B88B39CA93}.Release|Any CPU.ActiveCfg = Release|Any CPU
		{CF2615B9-D11F-4A42-BDC9-E0B88B39CA93}.Release|Any CPU.Build.0 = Release|Any CPU
		{81AA0D2F-427D-4755-B86F-5AC097F2E47A}.Debug|Any CPU.ActiveCfg = Debug|Any CPU
		{81AA0D2F-427D-4755-B86F-5AC097F2E47A}.Debug|Any CPU.Build.0 = Debug|Any CPU
		{81AA0D2F-427D-4755-B86F-5AC097F2E47A}.Release|Any CPU.ActiveCfg = Release|Any CPU
		{81AA0D2F-427D-4755-B86F-5AC097F2E47A}.Release|Any CPU.Build.0 = Release|Any CPU
		{AB4DF109-22C7-4D5E-A2B9-AB2DCC7FC435}.Debug|Any CPU.ActiveCfg = Debug|Any CPU
		{AB4DF109-22C7-4D5E-A2B9-AB2DCC7FC435}.Debug|Any CPU.Build.0 = Debug|Any CPU
		{AB4DF109-22C7-4D5E-A2B9-AB2DCC7FC435}.Release|Any CPU.ActiveCfg = Release|Any CPU
		{AB4DF109-22C7-4D5E-A2B9-AB2DCC7FC435}.Release|Any CPU.Build.0 = Release|Any CPU
		{251C02F2-598F-4AE9-9637-E26B2A18895B}.Debug|Any CPU.ActiveCfg = Debug|Any CPU
		{251C02F2-598F-4AE9-9637-E26B2A18895B}.Debug|Any CPU.Build.0 = Debug|Any CPU
		{251C02F2-598F-4AE9-9637-E26B2A18895B}.Release|Any CPU.ActiveCfg = Release|Any CPU
		{251C02F2-598F-4AE9-9637-E26B2A18895B}.Release|Any CPU.Build.0 = Release|Any CPU
		{8CC89E15-E29F-450A-AD94-B6B0162E606C}.Debug|Any CPU.ActiveCfg = Debug|Any CPU
		{8CC89E15-E29F-450A-AD94-B6B0162E606C}.Debug|Any CPU.Build.0 = Debug|Any CPU
		{8CC89E15-E29F-450A-AD94-B6B0162E606C}.Release|Any CPU.ActiveCfg = Release|Any CPU
		{8CC89E15-E29F-450A-AD94-B6B0162E606C}.Release|Any CPU.Build.0 = Release|Any CPU
		{C3B43412-67B8-459B-AD6A-7DF87F9A22A9}.Debug|Any CPU.ActiveCfg = Debug|Any CPU
		{C3B43412-67B8-459B-AD6A-7DF87F9A22A9}.Debug|Any CPU.Build.0 = Debug|Any CPU
		{C3B43412-67B8-459B-AD6A-7DF87F9A22A9}.Release|Any CPU.ActiveCfg = Release|Any CPU
		{C3B43412-67B8-459B-AD6A-7DF87F9A22A9}.Release|Any CPU.Build.0 = Release|Any CPU
		{F5B1C4DF-6FAA-4662-82F5-D1BF7B763D64}.Debug|Any CPU.ActiveCfg = Debug|Any CPU
		{F5B1C4DF-6FAA-4662-82F5-D1BF7B763D64}.Debug|Any CPU.Build.0 = Debug|Any CPU
		{F5B1C4DF-6FAA-4662-82F5-D1BF7B763D64}.Release|Any CPU.ActiveCfg = Release|Any CPU
		{F5B1C4DF-6FAA-4662-82F5-D1BF7B763D64}.Release|Any CPU.Build.0 = Release|Any CPU
		{CC810923-B5D4-4731-B79E-FF63E9E803DC}.Debug|Any CPU.ActiveCfg = Debug|Any CPU
		{CC810923-B5D4-4731-B79E-FF63E9E803DC}.Debug|Any CPU.Build.0 = Debug|Any CPU
		{CC810923-B5D4-4731-B79E-FF63E9E803DC}.Release|Any CPU.ActiveCfg = Release|Any CPU
		{CC810923-B5D4-4731-B79E-FF63E9E803DC}.Release|Any CPU.Build.0 = Release|Any CPU
		{D96F3518-4539-4EFE-833D-9EEAE7A58B5D}.Debug|Any CPU.ActiveCfg = Debug|Any CPU
		{D96F3518-4539-4EFE-833D-9EEAE7A58B5D}.Debug|Any CPU.Build.0 = Debug|Any CPU
		{D96F3518-4539-4EFE-833D-9EEAE7A58B5D}.Release|Any CPU.ActiveCfg = Release|Any CPU
		{D96F3518-4539-4EFE-833D-9EEAE7A58B5D}.Release|Any CPU.Build.0 = Release|Any CPU
		{1051A424-857A-4DBA-BE10-5807276E30CF}.Debug|Any CPU.ActiveCfg = Debug|Any CPU
		{1051A424-857A-4DBA-BE10-5807276E30CF}.Debug|Any CPU.Build.0 = Debug|Any CPU
		{1051A424-857A-4DBA-BE10-5807276E30CF}.Release|Any CPU.ActiveCfg = Release|Any CPU
		{1051A424-857A-4DBA-BE10-5807276E30CF}.Release|Any CPU.Build.0 = Release|Any CPU
		{D4DC0ECF-4121-4C65-A263-7EC8B6F518F6}.Debug|Any CPU.ActiveCfg = Debug|Any CPU
		{D4DC0ECF-4121-4C65-A263-7EC8B6F518F6}.Debug|Any CPU.Build.0 = Debug|Any CPU
		{D4DC0ECF-4121-4C65-A263-7EC8B6F518F6}.Release|Any CPU.ActiveCfg = Release|Any CPU
		{D4DC0ECF-4121-4C65-A263-7EC8B6F518F6}.Release|Any CPU.Build.0 = Release|Any CPU
		{C84FEA61-E646-436A-B479-C30F81984AED}.Debug|Any CPU.ActiveCfg = Debug|Any CPU
		{C84FEA61-E646-436A-B479-C30F81984AED}.Debug|Any CPU.Build.0 = Debug|Any CPU
		{C84FEA61-E646-436A-B479-C30F81984AED}.Release|Any CPU.ActiveCfg = Release|Any CPU
		{C84FEA61-E646-436A-B479-C30F81984AED}.Release|Any CPU.Build.0 = Release|Any CPU
		{5A708B6A-684B-43AC-AD1A-9C81136C7A16}.Debug|Any CPU.ActiveCfg = Debug|Any CPU
		{5A708B6A-684B-43AC-AD1A-9C81136C7A16}.Debug|Any CPU.Build.0 = Debug|Any CPU
		{5A708B6A-684B-43AC-AD1A-9C81136C7A16}.Release|Any CPU.ActiveCfg = Release|Any CPU
		{5A708B6A-684B-43AC-AD1A-9C81136C7A16}.Release|Any CPU.Build.0 = Release|Any CPU
		{478F9F5C-4E77-4DA2-8E57-3FF84A80244C}.Debug|Any CPU.ActiveCfg = Debug|Any CPU
		{478F9F5C-4E77-4DA2-8E57-3FF84A80244C}.Debug|Any CPU.Build.0 = Debug|Any CPU
		{478F9F5C-4E77-4DA2-8E57-3FF84A80244C}.Release|Any CPU.ActiveCfg = Release|Any CPU
		{478F9F5C-4E77-4DA2-8E57-3FF84A80244C}.Release|Any CPU.Build.0 = Release|Any CPU
		{FEEF83E3-03AD-4802-A76A-3CC7CED96CFE}.Debug|Any CPU.ActiveCfg = Debug|Any CPU
		{FEEF83E3-03AD-4802-A76A-3CC7CED96CFE}.Debug|Any CPU.Build.0 = Debug|Any CPU
		{FEEF83E3-03AD-4802-A76A-3CC7CED96CFE}.Release|Any CPU.ActiveCfg = Release|Any CPU
		{FEEF83E3-03AD-4802-A76A-3CC7CED96CFE}.Release|Any CPU.Build.0 = Release|Any CPU
	EndGlobalSection
	GlobalSection(SolutionProperties) = preSolution
		HideSolutionNode = FALSE
	EndGlobalSection
	GlobalSection(NestedProjects) = preSolution
		{0F3FED02-4AA6-4C25-8D77-50964A2BC082} = {0E11CE2D-3356-4F77-9362-B22B08333A56}
		{0C443ECF-80FF-41F9-BC10-6E4213612962} = {0E11CE2D-3356-4F77-9362-B22B08333A56}
		{B59DB0C6-D884-4541-B92B-C652A5A2596D} = {0E11CE2D-3356-4F77-9362-B22B08333A56}
		{F3FE626E-31BB-4B6F-8AD5-CE170DA38115} = {0E11CE2D-3356-4F77-9362-B22B08333A56}
		{5957C6A0-3AC4-4C16-8B1B-6D7527644826} = {0F3FED02-4AA6-4C25-8D77-50964A2BC082}
		{CF2615B9-D11F-4A42-BDC9-E0B88B39CA93} = {0F3FED02-4AA6-4C25-8D77-50964A2BC082}
		{81AA0D2F-427D-4755-B86F-5AC097F2E47A} = {0F3FED02-4AA6-4C25-8D77-50964A2BC082}
		{AB4DF109-22C7-4D5E-A2B9-AB2DCC7FC435} = {0F3FED02-4AA6-4C25-8D77-50964A2BC082}
		{251C02F2-598F-4AE9-9637-E26B2A18895B} = {2E88C568-CC1E-472F-99FD-6ED351BA4F67}
		{8CC89E15-E29F-450A-AD94-B6B0162E606C} = {0C443ECF-80FF-41F9-BC10-6E4213612962}
		{C3B43412-67B8-459B-AD6A-7DF87F9A22A9} = {2E88C568-CC1E-472F-99FD-6ED351BA4F67}
		{41A0675D-5F17-480F-8391-537D5E7041F0} = {0E11CE2D-3356-4F77-9362-B22B08333A56}
		{F5B1C4DF-6FAA-4662-82F5-D1BF7B763D64} = {41A0675D-5F17-480F-8391-537D5E7041F0}
		{C94AF495-0296-413E-808A-7BD27BDF4B27} = {2E88C568-CC1E-472F-99FD-6ED351BA4F67}
		{CC810923-B5D4-4731-B79E-FF63E9E803DC} = {C94AF495-0296-413E-808A-7BD27BDF4B27}
		{D96F3518-4539-4EFE-833D-9EEAE7A58B5D} = {C94AF495-0296-413E-808A-7BD27BDF4B27}
		{1051A424-857A-4DBA-BE10-5807276E30CF} = {F3FE626E-31BB-4B6F-8AD5-CE170DA38115}
		{D4DC0ECF-4121-4C65-A263-7EC8B6F518F6} = {F3FE626E-31BB-4B6F-8AD5-CE170DA38115}
		{C84FEA61-E646-436A-B479-C30F81984AED} = {F3FE626E-31BB-4B6F-8AD5-CE170DA38115}
		{5A708B6A-684B-43AC-AD1A-9C81136C7A16} = {F3FE626E-31BB-4B6F-8AD5-CE170DA38115}
		{478F9F5C-4E77-4DA2-8E57-3FF84A80244C} = {B59DB0C6-D884-4541-B92B-C652A5A2596D}
		{9824B731-A2AF-488E-8991-9431DA24139C} = {0E11CE2D-3356-4F77-9362-B22B08333A56}
		{FEEF83E3-03AD-4802-A76A-3CC7CED96CFE} = {9824B731-A2AF-488E-8991-9431DA24139C}
	EndGlobalSection
	GlobalSection(ExtensibilityGlobals) = postSolution
		SolutionGuid = {47EC5910-6B74-4C70-9071-F96D13BC26C3}
	EndGlobalSection
EndGlobal
